
Microsoft Visual Studio Solution File, Format Version 12.00
# Visual Studio Version 16
VisualStudioVersion = 16.0.29102.190
MinimumVisualStudioVersion = 10.0.40219.1
Project("{2150E333-8FDC-42A3-9474-1A3956D46DE8}") = "etc", "etc", "{D511970B-EFB4-4E06-8352-1902B1324CDC}"
	ProjectSection(SolutionItems) = preProject
		guids.txt = guids.txt
		etc\Kwisatz.Haderach.cs = etc\Kwisatz.Haderach.cs
		etc\Kwisatz.Haderach.ico = etc\Kwisatz.Haderach.ico
	EndProjectSection
EndProject
Project("{FAE04EC0-301F-11D3-BF4B-00C04F79EFBC}") = "Kw.Windows.Forms", "Kw.Windows.Forms\Kw.Windows.Forms.csproj", "{985A8E6C-D22D-4D28-9359-9A01B4B89809}"
EndProject
Project("{FAE04EC0-301F-11D3-BF4B-00C04F79EFBC}") = "Kw.Aspects", "Kw.Aspects\Kw.Aspects.csproj", "{64BA6D17-8987-4E1B-BEE0-7347C10E5FD3}"
EndProject
Project("{FAE04EC0-301F-11D3-BF4B-00C04F79EFBC}") = "Kw.Networking", "Kw.Networking\Kw.Networking.csproj", "{A9DA165C-DA63-463E-B213-8625A9E1FC37}"
EndProject
Project("{FAE04EC0-301F-11D3-BF4B-00C04F79EFBC}") = "Kw.ServiceProcess", "Kw.ServiceProcess\Kw.ServiceProcess.csproj", "{BBD50314-BCC2-4D2A-965F-68E95315DF3C}"
EndProject
Project("{FAE04EC0-301F-11D3-BF4B-00C04F79EFBC}") = "Kw.WinAPI", "Kw.WinAPI\Kw.WinAPI.csproj", "{5CC6D2FA-6713-47B9-9675-633091841364}"
EndProject
Project("{FAE04EC0-301F-11D3-BF4B-00C04F79EFBC}") = "Kw.Windows", "Kw.Windows\Kw.Windows.csproj", "{936ECDCB-A2C8-4440-8B6D-3556EDB55D77}"
EndProject
Project("{9A19103F-16F7-4668-BE54-9A1E7A4F7556}") = "Kw.Common", "Kw.Common\Kw.Common.csproj", "{F837E57E-34C4-473F-8CC8-6512ACDE6836}"
EndProject
Project("{7CF6DF6D-3B04-46F8-A40B-537D21BCA0B4}") = "Kw.Reference", "Kw.Reference\Kw.Reference.shfbproj", "{A8F401BB-395D-465D-A636-4FF60A03A0AC}"
	ProjectSection(ProjectDependencies) = postProject
		{A9DA165C-DA63-463E-B213-8625A9E1FC37} = {A9DA165C-DA63-463E-B213-8625A9E1FC37}
		{F837E57E-34C4-473F-8CC8-6512ACDE6836} = {F837E57E-34C4-473F-8CC8-6512ACDE6836}
	EndProjectSection
EndProject
Project("{2150E333-8FDC-42A3-9474-1A3956D46DE8}") = "Test", "Test", "{09786EFB-B612-4CD4-AD63-EC428147FA2D}"
EndProject
Project("{FAE04EC0-301F-11D3-BF4B-00C04F79EFBC}") = "Kw.Common.Test", "Test\Kw.Common.Test\Kw.Common.Test.csproj", "{90059A23-0C4D-46A0-BC5D-8395E98F5EDC}"
EndProject
Project("{2150E333-8FDC-42A3-9474-1A3956D46DE8}") = "Packaging", "Packaging", "{937A7608-E505-4B19-8B51-C18C9405DD03}"
EndProject
Project("{FAE04EC0-301F-11D3-BF4B-00C04F79EFBC}") = "Kw.Shell", "Kw.Shell\Kw.Shell.csproj", "{19FD169C-D667-49C4-9B85-6430F22808E6}"
EndProject
Global
	GlobalSection(SolutionConfigurationPlatforms) = preSolution
		debug|Any CPU = debug|Any CPU
		neutral|Any CPU = neutral|Any CPU
		release|Any CPU = release|Any CPU
	EndGlobalSection
	GlobalSection(ProjectConfigurationPlatforms) = postSolution
		{985A8E6C-D22D-4D28-9359-9A01B4B89809}.debug|Any CPU.ActiveCfg = debug|Any CPU
		{985A8E6C-D22D-4D28-9359-9A01B4B89809}.debug|Any CPU.Build.0 = debug|Any CPU
		{985A8E6C-D22D-4D28-9359-9A01B4B89809}.neutral|Any CPU.ActiveCfg = release|Any CPU
		{985A8E6C-D22D-4D28-9359-9A01B4B89809}.neutral|Any CPU.Build.0 = release|Any CPU
		{985A8E6C-D22D-4D28-9359-9A01B4B89809}.release|Any CPU.ActiveCfg = release|Any CPU
		{985A8E6C-D22D-4D28-9359-9A01B4B89809}.release|Any CPU.Build.0 = release|Any CPU
		{64BA6D17-8987-4E1B-BEE0-7347C10E5FD3}.debug|Any CPU.ActiveCfg = debug|Any CPU
		{64BA6D17-8987-4E1B-BEE0-7347C10E5FD3}.debug|Any CPU.Build.0 = debug|Any CPU
		{64BA6D17-8987-4E1B-BEE0-7347C10E5FD3}.neutral|Any CPU.ActiveCfg = release|Any CPU
		{64BA6D17-8987-4E1B-BEE0-7347C10E5FD3}.neutral|Any CPU.Build.0 = release|Any CPU
		{64BA6D17-8987-4E1B-BEE0-7347C10E5FD3}.release|Any CPU.ActiveCfg = release|Any CPU
		{64BA6D17-8987-4E1B-BEE0-7347C10E5FD3}.release|Any CPU.Build.0 = release|Any CPU
		{A9DA165C-DA63-463E-B213-8625A9E1FC37}.debug|Any CPU.ActiveCfg = debug|Any CPU
		{A9DA165C-DA63-463E-B213-8625A9E1FC37}.debug|Any CPU.Build.0 = debug|Any CPU
		{A9DA165C-DA63-463E-B213-8625A9E1FC37}.neutral|Any CPU.ActiveCfg = release|Any CPU
		{A9DA165C-DA63-463E-B213-8625A9E1FC37}.neutral|Any CPU.Build.0 = release|Any CPU
		{A9DA165C-DA63-463E-B213-8625A9E1FC37}.release|Any CPU.ActiveCfg = release|Any CPU
		{A9DA165C-DA63-463E-B213-8625A9E1FC37}.release|Any CPU.Build.0 = release|Any CPU
		{BBD50314-BCC2-4D2A-965F-68E95315DF3C}.debug|Any CPU.ActiveCfg = debug|Any CPU
		{BBD50314-BCC2-4D2A-965F-68E95315DF3C}.debug|Any CPU.Build.0 = debug|Any CPU
		{BBD50314-BCC2-4D2A-965F-68E95315DF3C}.neutral|Any CPU.ActiveCfg = release|Any CPU
		{BBD50314-BCC2-4D2A-965F-68E95315DF3C}.neutral|Any CPU.Build.0 = release|Any CPU
		{BBD50314-BCC2-4D2A-965F-68E95315DF3C}.release|Any CPU.ActiveCfg = release|Any CPU
		{BBD50314-BCC2-4D2A-965F-68E95315DF3C}.release|Any CPU.Build.0 = release|Any CPU
		{5CC6D2FA-6713-47B9-9675-633091841364}.debug|Any CPU.ActiveCfg = debug|Any CPU
		{5CC6D2FA-6713-47B9-9675-633091841364}.debug|Any CPU.Build.0 = debug|Any CPU
		{5CC6D2FA-6713-47B9-9675-633091841364}.neutral|Any CPU.ActiveCfg = release|Any CPU
		{5CC6D2FA-6713-47B9-9675-633091841364}.neutral|Any CPU.Build.0 = release|Any CPU
		{5CC6D2FA-6713-47B9-9675-633091841364}.release|Any CPU.ActiveCfg = release|Any CPU
		{5CC6D2FA-6713-47B9-9675-633091841364}.release|Any CPU.Build.0 = release|Any CPU
		{936ECDCB-A2C8-4440-8B6D-3556EDB55D77}.debug|Any CPU.ActiveCfg = debug|Any CPU
		{936ECDCB-A2C8-4440-8B6D-3556EDB55D77}.debug|Any CPU.Build.0 = debug|Any CPU
		{936ECDCB-A2C8-4440-8B6D-3556EDB55D77}.neutral|Any CPU.ActiveCfg = release|Any CPU
		{936ECDCB-A2C8-4440-8B6D-3556EDB55D77}.neutral|Any CPU.Build.0 = release|Any CPU
		{936ECDCB-A2C8-4440-8B6D-3556EDB55D77}.release|Any CPU.ActiveCfg = release|Any CPU
		{936ECDCB-A2C8-4440-8B6D-3556EDB55D77}.release|Any CPU.Build.0 = release|Any CPU
		{F837E57E-34C4-473F-8CC8-6512ACDE6836}.debug|Any CPU.ActiveCfg = debug|Any CPU
		{F837E57E-34C4-473F-8CC8-6512ACDE6836}.debug|Any CPU.Build.0 = debug|Any CPU
		{F837E57E-34C4-473F-8CC8-6512ACDE6836}.neutral|Any CPU.ActiveCfg = release|Any CPU
		{F837E57E-34C4-473F-8CC8-6512ACDE6836}.neutral|Any CPU.Build.0 = release|Any CPU
		{F837E57E-34C4-473F-8CC8-6512ACDE6836}.release|Any CPU.ActiveCfg = release|Any CPU
		{F837E57E-34C4-473F-8CC8-6512ACDE6836}.release|Any CPU.Build.0 = release|Any CPU
		{A8F401BB-395D-465D-A636-4FF60A03A0AC}.debug|Any CPU.ActiveCfg = debug|Any CPU
		{A8F401BB-395D-465D-A636-4FF60A03A0AC}.neutral|Any CPU.ActiveCfg = release|Any CPU
		{A8F401BB-395D-465D-A636-4FF60A03A0AC}.neutral|Any CPU.Build.0 = release|Any CPU
		{A8F401BB-395D-465D-A636-4FF60A03A0AC}.release|Any CPU.ActiveCfg = release|Any CPU
		{A8F401BB-395D-465D-A636-4FF60A03A0AC}.release|Any CPU.Build.0 = release|Any CPU
		{90059A23-0C4D-46A0-BC5D-8395E98F5EDC}.debug|Any CPU.ActiveCfg = debug|Any CPU
		{90059A23-0C4D-46A0-BC5D-8395E98F5EDC}.debug|Any CPU.Build.0 = debug|Any CPU
		{90059A23-0C4D-46A0-BC5D-8395E98F5EDC}.neutral|Any CPU.ActiveCfg = release|Any CPU
		{90059A23-0C4D-46A0-BC5D-8395E98F5EDC}.neutral|Any CPU.Build.0 = release|Any CPU
		{90059A23-0C4D-46A0-BC5D-8395E98F5EDC}.release|Any CPU.ActiveCfg = release|Any CPU
		{90059A23-0C4D-46A0-BC5D-8395E98F5EDC}.release|Any CPU.Build.0 = release|Any CPU
		{19FD169C-D667-49C4-9B85-6430F22808E6}.debug|Any CPU.ActiveCfg = debug|Any CPU
		{19FD169C-D667-49C4-9B85-6430F22808E6}.debug|Any CPU.Build.0 = debug|Any CPU
		{19FD169C-D667-49C4-9B85-6430F22808E6}.neutral|Any CPU.ActiveCfg = release|Any CPU
		{19FD169C-D667-49C4-9B85-6430F22808E6}.neutral|Any CPU.Build.0 = release|Any CPU
		{19FD169C-D667-49C4-9B85-6430F22808E6}.release|Any CPU.ActiveCfg = release|Any CPU
		{19FD169C-D667-49C4-9B85-6430F22808E6}.release|Any CPU.Build.0 = release|Any CPU
	EndGlobalSection
	GlobalSection(SolutionProperties) = preSolution
		HideSolutionNode = FALSE
	EndGlobalSection
	GlobalSection(NestedProjects) = preSolution
		{90059A23-0C4D-46A0-BC5D-8395E98F5EDC} = {09786EFB-B612-4CD4-AD63-EC428147FA2D}
	EndGlobalSection
	GlobalSection(ExtensibilityGlobals) = postSolution
		SolutionGuid = {2E404478-F5A6-42C4-8043-2663A7B0C297}
	EndGlobalSection
EndGlobal
