
Microsoft Visual Studio Solution File, Format Version 12.00
# Visual Studio Version 16
VisualStudioVersion = 16.0.29102.190
MinimumVisualStudioVersion = 10.0.40219.1
Project("{2150E333-8FDC-42A3-9474-1A3956D46DE8}") = "etc", "etc", "{D511970B-EFB4-4E06-8352-1902B1324CDC}"
	ProjectSection(SolutionItems) = preProject
		guids.txt = guids.txt
		etc\Kwisatz.Haderach.cs = etc\Kwisatz.Haderach.cs
		etc\Kwisatz.Haderach.ico = etc\Kwisatz.Haderach.ico
	EndProjectSection
EndProject
Project("{9A19103F-16F7-4668-BE54-9A1E7A4F7556}") = "Kw.Windows.Forms", "Kw.Windows.Forms\Kw.Windows.Forms.csproj", "{985A8E6C-D22D-4D28-9359-9A01B4B89809}"
EndProject
Project("{9A19103F-16F7-4668-BE54-9A1E7A4F7556}") = "Kw.Aspects", "Kw.Aspects\Kw.Aspects.csproj", "{64BA6D17-8987-4E1B-BEE0-7347C10E5FD3}"
EndProject
Project("{9A19103F-16F7-4668-BE54-9A1E7A4F7556}") = "Kw.WinAPI", "Kw.WinAPI\Kw.WinAPI.csproj", "{5CC6D2FA-6713-47B9-9675-633091841364}"
EndProject
Project("{9A19103F-16F7-4668-BE54-9A1E7A4F7556}") = "Kw.Windows", "Kw.Windows\Kw.Windows.csproj", "{936ECDCB-A2C8-4440-8B6D-3556EDB55D77}"
EndProject
Project("{9A19103F-16F7-4668-BE54-9A1E7A4F7556}") = "Kw.Common", "Kw.Common\Kw.Common.csproj", "{F837E57E-34C4-473F-8CC8-6512ACDE6836}"
EndProject
Project("{7CF6DF6D-3B04-46F8-A40B-537D21BCA0B4}") = "Kw.Reference", "Kw.Reference\Kw.Reference.shfbproj", "{A8F401BB-395D-465D-A636-4FF60A03A0AC}"
	ProjectSection(ProjectDependencies) = postProject
		{F837E57E-34C4-473F-8CC8-6512ACDE6836} = {F837E57E-34C4-473F-8CC8-6512ACDE6836}
	EndProjectSection
EndProject
Project("{9A19103F-16F7-4668-BE54-9A1E7A4F7556}") = "Kw.Test", "Kw.Test\Kw.Test.csproj", "{8C46CDD7-6958-4A54-B4A7-752F6159B880}"
EndProject
Project("{FAE04EC0-301F-11D3-BF4B-00C04F79EFBC}") = "Kw.ServiceProcess", "Kw.ServiceProcess\Kw.ServiceProcess.csproj", "{70A8D3F3-7323-49AC-99CC-CF7B8E298512}"
EndProject
Project("{FAE04EC0-301F-11D3-BF4B-00C04F79EFBC}") = "Kw.Shell.Framework", "Kw.Shell.Framework\Kw.Shell.Framework.csproj", "{C5A3CA1F-68A3-4B2D-814E-5C800F63AA99}"
EndProject
Project("{9A19103F-16F7-4668-BE54-9A1E7A4F7556}") = "Kw.Shell.Core", "Kw.Shell.Core\Kw.Shell.Core.csproj", "{9080EAEE-86EA-4541-AFBF-8C7A074651DC}"
EndProject
Project("{2150E333-8FDC-42A3-9474-1A3956D46DE8}") = "shell", "shell", "{8287AC98-9E5C-4B87-9D49-2A6BDE6534BE}"
EndProject
Project("{2150E333-8FDC-42A3-9474-1A3956D46DE8}") = "package", "package", "{78F6A9DF-4D96-419B-BAE1-551942820E7E}"
	ProjectSection(SolutionItems) = preProject
		Kw.Aspects\Kw.Aspects.nuspec = Kw.Aspects\Kw.Aspects.nuspec
		Kw.Common\Kw.Common.nuspec = Kw.Common\Kw.Common.nuspec
		Kw.WinAPI\Kw.WinAPI.nuspec = Kw.WinAPI\Kw.WinAPI.nuspec
		Kw.Windows.Forms\Kw.Windows.Forms.nuspec = Kw.Windows.Forms\Kw.Windows.Forms.nuspec
		Kw.Windows\Kw.Windows.nuspec = Kw.Windows\Kw.Windows.nuspec
	EndProjectSection
EndProject
Project("{2150E333-8FDC-42A3-9474-1A3956D46DE8}") = "info", "info", "{EED656F3-3477-488E-839F-AB8509DAC89E}"
	ProjectSection(SolutionItems) = preProject
		Kw.Aspects\Properties\AssemblyInfo.cs = Kw.Aspects\Properties\AssemblyInfo.cs
		Kw.Common\Properties\AssemblyInfo.cs = Kw.Common\Properties\AssemblyInfo.cs
		Kw.WinAPI\Properties\AssemblyInfo.cs = Kw.WinAPI\Properties\AssemblyInfo.cs
		Kw.Windows\Properties\AssemblyInfo.cs = Kw.Windows\Properties\AssemblyInfo.cs
		Kw.Windows.Forms\Properties\AssemblyInfo.cs = Kw.Windows.Forms\Properties\AssemblyInfo.cs
	EndProjectSection
EndProject
Global
	GlobalSection(SolutionConfigurationPlatforms) = preSolution
		Debug|Any CPU = Debug|Any CPU
		Neutral|Any CPU = Neutral|Any CPU
		Release|Any CPU = Release|Any CPU
	EndGlobalSection
	GlobalSection(ProjectConfigurationPlatforms) = postSolution
		{985A8E6C-D22D-4D28-9359-9A01B4B89809}.Debug|Any CPU.ActiveCfg = Debug|Any CPU
		{985A8E6C-D22D-4D28-9359-9A01B4B89809}.Debug|Any CPU.Build.0 = Debug|Any CPU
		{985A8E6C-D22D-4D28-9359-9A01B4B89809}.Neutral|Any CPU.ActiveCfg = Release|Any CPU
		{985A8E6C-D22D-4D28-9359-9A01B4B89809}.Neutral|Any CPU.Build.0 = Release|Any CPU
		{985A8E6C-D22D-4D28-9359-9A01B4B89809}.Release|Any CPU.ActiveCfg = Release|Any CPU
		{985A8E6C-D22D-4D28-9359-9A01B4B89809}.Release|Any CPU.Build.0 = Release|Any CPU
		{64BA6D17-8987-4E1B-BEE0-7347C10E5FD3}.Debug|Any CPU.ActiveCfg = Debug|Any CPU
		{64BA6D17-8987-4E1B-BEE0-7347C10E5FD3}.Debug|Any CPU.Build.0 = Debug|Any CPU
		{64BA6D17-8987-4E1B-BEE0-7347C10E5FD3}.Neutral|Any CPU.ActiveCfg = Release|Any CPU
		{64BA6D17-8987-4E1B-BEE0-7347C10E5FD3}.Neutral|Any CPU.Build.0 = Release|Any CPU
		{64BA6D17-8987-4E1B-BEE0-7347C10E5FD3}.Release|Any CPU.ActiveCfg = Release|Any CPU
		{64BA6D17-8987-4E1B-BEE0-7347C10E5FD3}.Release|Any CPU.Build.0 = Release|Any CPU
		{5CC6D2FA-6713-47B9-9675-633091841364}.Debug|Any CPU.ActiveCfg = Debug|Any CPU
		{5CC6D2FA-6713-47B9-9675-633091841364}.Debug|Any CPU.Build.0 = Debug|Any CPU
		{5CC6D2FA-6713-47B9-9675-633091841364}.Neutral|Any CPU.ActiveCfg = Release|Any CPU
		{5CC6D2FA-6713-47B9-9675-633091841364}.Neutral|Any CPU.Build.0 = Release|Any CPU
		{5CC6D2FA-6713-47B9-9675-633091841364}.Release|Any CPU.ActiveCfg = Release|Any CPU
		{5CC6D2FA-6713-47B9-9675-633091841364}.Release|Any CPU.Build.0 = Release|Any CPU
		{936ECDCB-A2C8-4440-8B6D-3556EDB55D77}.Debug|Any CPU.ActiveCfg = Debug|Any CPU
		{936ECDCB-A2C8-4440-8B6D-3556EDB55D77}.Debug|Any CPU.Build.0 = Debug|Any CPU
		{936ECDCB-A2C8-4440-8B6D-3556EDB55D77}.Neutral|Any CPU.ActiveCfg = Release|Any CPU
		{936ECDCB-A2C8-4440-8B6D-3556EDB55D77}.Neutral|Any CPU.Build.0 = Release|Any CPU
		{936ECDCB-A2C8-4440-8B6D-3556EDB55D77}.Release|Any CPU.ActiveCfg = Release|Any CPU
		{936ECDCB-A2C8-4440-8B6D-3556EDB55D77}.Release|Any CPU.Build.0 = Release|Any CPU
		{F837E57E-34C4-473F-8CC8-6512ACDE6836}.Debug|Any CPU.ActiveCfg = Debug|Any CPU
		{F837E57E-34C4-473F-8CC8-6512ACDE6836}.Debug|Any CPU.Build.0 = Debug|Any CPU
		{F837E57E-34C4-473F-8CC8-6512ACDE6836}.Neutral|Any CPU.ActiveCfg = Release|Any CPU
		{F837E57E-34C4-473F-8CC8-6512ACDE6836}.Neutral|Any CPU.Build.0 = Release|Any CPU
		{F837E57E-34C4-473F-8CC8-6512ACDE6836}.Release|Any CPU.ActiveCfg = Release|Any CPU
		{F837E57E-34C4-473F-8CC8-6512ACDE6836}.Release|Any CPU.Build.0 = Release|Any CPU
		{A8F401BB-395D-465D-A636-4FF60A03A0AC}.Debug|Any CPU.ActiveCfg = Debug|Any CPU
		{A8F401BB-395D-465D-A636-4FF60A03A0AC}.Neutral|Any CPU.ActiveCfg = Debug|Any CPU
		{A8F401BB-395D-465D-A636-4FF60A03A0AC}.Neutral|Any CPU.Build.0 = Debug|Any CPU
		{A8F401BB-395D-465D-A636-4FF60A03A0AC}.Release|Any CPU.ActiveCfg = Debug|Any CPU
		{A8F401BB-395D-465D-A636-4FF60A03A0AC}.Release|Any CPU.Build.0 = Debug|Any CPU
		{8C46CDD7-6958-4A54-B4A7-752F6159B880}.Debug|Any CPU.ActiveCfg = Debug|Any CPU
		{8C46CDD7-6958-4A54-B4A7-752F6159B880}.Debug|Any CPU.Build.0 = Debug|Any CPU
		{8C46CDD7-6958-4A54-B4A7-752F6159B880}.Neutral|Any CPU.ActiveCfg = Debug|Any CPU
		{8C46CDD7-6958-4A54-B4A7-752F6159B880}.Neutral|Any CPU.Build.0 = Debug|Any CPU
		{8C46CDD7-6958-4A54-B4A7-752F6159B880}.Release|Any CPU.ActiveCfg = Release|Any CPU
		{8C46CDD7-6958-4A54-B4A7-752F6159B880}.Release|Any CPU.Build.0 = Release|Any CPU
		{70A8D3F3-7323-49AC-99CC-CF7B8E298512}.Debug|Any CPU.ActiveCfg = Debug|Any CPU
		{70A8D3F3-7323-49AC-99CC-CF7B8E298512}.Debug|Any CPU.Build.0 = Debug|Any CPU
		{70A8D3F3-7323-49AC-99CC-CF7B8E298512}.Neutral|Any CPU.ActiveCfg = Release|Any CPU
		{70A8D3F3-7323-49AC-99CC-CF7B8E298512}.Neutral|Any CPU.Build.0 = Release|Any CPU
		{70A8D3F3-7323-49AC-99CC-CF7B8E298512}.Release|Any CPU.ActiveCfg = Release|Any CPU
		{70A8D3F3-7323-49AC-99CC-CF7B8E298512}.Release|Any CPU.Build.0 = Release|Any CPU
		{C5A3CA1F-68A3-4B2D-814E-5C800F63AA99}.Debug|Any CPU.ActiveCfg = Debug|Any CPU
		{C5A3CA1F-68A3-4B2D-814E-5C800F63AA99}.Debug|Any CPU.Build.0 = Debug|Any CPU
		{C5A3CA1F-68A3-4B2D-814E-5C800F63AA99}.Neutral|Any CPU.ActiveCfg = Release|Any CPU
		{C5A3CA1F-68A3-4B2D-814E-5C800F63AA99}.Neutral|Any CPU.Build.0 = Release|Any CPU
		{C5A3CA1F-68A3-4B2D-814E-5C800F63AA99}.Release|Any CPU.ActiveCfg = Release|Any CPU
		{C5A3CA1F-68A3-4B2D-814E-5C800F63AA99}.Release|Any CPU.Build.0 = Release|Any CPU
		{9080EAEE-86EA-4541-AFBF-8C7A074651DC}.Debug|Any CPU.ActiveCfg = Debug|Any CPU
		{9080EAEE-86EA-4541-AFBF-8C7A074651DC}.Debug|Any CPU.Build.0 = Debug|Any CPU
		{9080EAEE-86EA-4541-AFBF-8C7A074651DC}.Neutral|Any CPU.ActiveCfg = Debug|Any CPU
		{9080EAEE-86EA-4541-AFBF-8C7A074651DC}.Neutral|Any CPU.Build.0 = Debug|Any CPU
		{9080EAEE-86EA-4541-AFBF-8C7A074651DC}.Release|Any CPU.ActiveCfg = Release|Any CPU
		{9080EAEE-86EA-4541-AFBF-8C7A074651DC}.Release|Any CPU.Build.0 = Release|Any CPU
	EndGlobalSection
	GlobalSection(SolutionProperties) = preSolution
		HideSolutionNode = FALSE
	EndGlobalSection
	GlobalSection(NestedProjects) = preSolution
		{C5A3CA1F-68A3-4B2D-814E-5C800F63AA99} = {8287AC98-9E5C-4B87-9D49-2A6BDE6534BE}
		{9080EAEE-86EA-4541-AFBF-8C7A074651DC} = {8287AC98-9E5C-4B87-9D49-2A6BDE6534BE}
	EndGlobalSection
	GlobalSection(ExtensibilityGlobals) = postSolution
		SolutionGuid = {2E404478-F5A6-42C4-8043-2663A7B0C297}
	EndGlobalSection
EndGlobal
